// !$*UTF8*$!
{
	archiveVersion = 1;
	classes = {
	};
	objectVersion = 46;
	objects = {

/* Begin PBXBuildFile section */
		670F2ED51DB2284400A1739F /* AppDelegate.m in Sources */ = {isa = PBXBuildFile; fileRef = 670F2ED41DB2284400A1739F /* AppDelegate.m */; };
		670F2ED81DB2284400A1739F /* main.m in Sources */ = {isa = PBXBuildFile; fileRef = 670F2ED71DB2284400A1739F /* main.m */; };
		670F2EDA1DB2284400A1739F /* Assets.xcassets in Resources */ = {isa = PBXBuildFile; fileRef = 670F2ED91DB2284400A1739F /* Assets.xcassets */; };
		670F2EDD1DB2284400A1739F /* MainMenu.xib in Resources */ = {isa = PBXBuildFile; fileRef = 670F2EDB1DB2284400A1739F /* MainMenu.xib */; };
		670F2EEB1DB228DD00A1739F /* Cocoa.framework in Frameworks */ = {isa = PBXBuildFile; fileRef = 670F2EEA1DB228DD00A1739F /* Cocoa.framework */; };
		670F2EF11DB228DD00A1739F /* SourceEditorExtension.m in Sources */ = {isa = PBXBuildFile; fileRef = 670F2EF01DB228DD00A1739F /* SourceEditorExtension.m */; };
		670F2EF41DB228DD00A1739F /* SourceEditorCommand.m in Sources */ = {isa = PBXBuildFile; fileRef = 670F2EF31DB228DD00A1739F /* SourceEditorCommand.m */; };
		670F2EF81DB228DD00A1739F /* EC.appex in Embed App Extensions */ = {isa = PBXBuildFile; fileRef = 670F2EE81DB228DC00A1739F /* EC.appex */; settings = {ATTRIBUTES = (RemoveHeadersOnCopy, ); }; };
		6710398E1DB61E140040D421 /* Artboard-1024.png in Resources */ = {isa = PBXBuildFile; fileRef = 6710398D1DB61E140040D421 /* Artboard-1024.png */; };
		671039901DB61E330040D421 /* Artboard-512.png in Resources */ = {isa = PBXBuildFile; fileRef = 6710398F1DB61E330040D421 /* Artboard-512.png */; };
		671039951DB65D010040D421 /* Artboard-32.png in Resources */ = {isa = PBXBuildFile; fileRef = 671039911DB65D010040D421 /* Artboard-32.png */; };
		671039961DB65D010040D421 /* Artboard-64.png in Resources */ = {isa = PBXBuildFile; fileRef = 671039921DB65D010040D421 /* Artboard-64.png */; };
		671039971DB65D010040D421 /* Artboard-128.png in Resources */ = {isa = PBXBuildFile; fileRef = 671039931DB65D010040D421 /* Artboard-128.png */; };
		671039981DB65D010040D421 /* Artboard-256.png in Resources */ = {isa = PBXBuildFile; fileRef = 671039941DB65D010040D421 /* Artboard-256.png */; };
		6710399A1DB65D380040D421 /* Artboard-16.png in Resources */ = {isa = PBXBuildFile; fileRef = 671039991DB65D380040D421 /* Artboard-16.png */; };
		67302B0D1DB23ACA0030C360 /* EasyCodeManager.m in Sources */ = {isa = PBXBuildFile; fileRef = 67302B0C1DB23ACA0030C360 /* EasyCodeManager.m */; };
		67302B101DB23C010030C360 /* ECMappingForObjectiveC.m in Sources */ = {isa = PBXBuildFile; fileRef = 67302B0F1DB23C010030C360 /* ECMappingForObjectiveC.m */; };
		67AFF68E1DB5B45400697135 /* ECMappingForSwift.m in Sources */ = {isa = PBXBuildFile; fileRef = 67AFF68D1DB5B45400697135 /* ECMappingForSwift.m */; };
		67AFF6931DB5B71200697135 /* ECMappingHelper.m in Sources */ = {isa = PBXBuildFile; fileRef = 67AFF6921DB5B71200697135 /* ECMappingHelper.m */; };
		67AFF6A01DB5C8A100697135 /* ECGenerateHelper.m in Sources */ = {isa = PBXBuildFile; fileRef = 67AFF69F1DB5C8A100697135 /* ECGenerateHelper.m */; };
		67AFF6E11DB5CBE000697135 /* FSElementPool.m in Sources */ = {isa = PBXBuildFile; fileRef = 67AFF6D01DB5CBE000697135 /* FSElementPool.m */; };
		67AFF6E21DB5CBE000697135 /* FSElementCache.m in Sources */ = {isa = PBXBuildFile; fileRef = 67AFF6D31DB5CBE000697135 /* FSElementCache.m */; };
		67AFF6E31DB5CBE000697135 /* FSCategoryProcessor.m in Sources */ = {isa = PBXBuildFile; fileRef = 67AFF6D61DB5CBE000697135 /* FSCategoryProcessor.m */; };
		67AFF6E41DB5CBE000697135 /* FSElementProcessor.m in Sources */ = {isa = PBXBuildFile; fileRef = 67AFF6D81DB5CBE000697135 /* FSElementProcessor.m */; };
		67AFF6E51DB5CBE000697135 /* FSExtensionProcessor.m in Sources */ = {isa = PBXBuildFile; fileRef = 67AFF6DA1DB5CBE000697135 /* FSExtensionProcessor.m */; };
		67AFF6E61DB5CBE000697135 /* FSImpProcessor.m in Sources */ = {isa = PBXBuildFile; fileRef = 67AFF6DC1DB5CBE000697135 /* FSImpProcessor.m */; };
		67AFF6E71DB5CBE000697135 /* FSInterfaceProcessor.m in Sources */ = {isa = PBXBuildFile; fileRef = 67AFF6DE1DB5CBE000697135 /* FSInterfaceProcessor.m */; };
		67AFF6E81DB5CBE000697135 /* FSProtocolProcessor.m in Sources */ = {isa = PBXBuildFile; fileRef = 67AFF6E01DB5CBE000697135 /* FSProtocolProcessor.m */; };
		67AFF6EB1DB5CBF500697135 /* ECFileParser.m in Sources */ = {isa = PBXBuildFile; fileRef = 67AFF6E91DB5CBF500697135 /* ECFileParser.m */; };
		67AFF6F01DB5CC2E00697135 /* NSString+PDRegex.m in Sources */ = {isa = PBXBuildFile; fileRef = 67AFF6EF1DB5CC2E00697135 /* NSString+PDRegex.m */; };
		67AFF6F31DB5CC5B00697135 /* FSElementProperty.m in Sources */ = {isa = PBXBuildFile; fileRef = 67AFF6F21DB5CC5B00697135 /* FSElementProperty.m */; };
/* End PBXBuildFile section */

/* Begin PBXContainerItemProxy section */
		670F2EF61DB228DD00A1739F /* PBXContainerItemProxy */ = {
			isa = PBXContainerItemProxy;
			containerPortal = 670F2EC81DB2284400A1739F /* Project object */;
			proxyType = 1;
			remoteGlobalIDString = 670F2EE71DB228DC00A1739F;
			remoteInfo = EC;
		};
/* End PBXContainerItemProxy section */

/* Begin PBXCopyFilesBuildPhase section */
		670F2EFC1DB228DD00A1739F /* Embed App Extensions */ = {
			isa = PBXCopyFilesBuildPhase;
			buildActionMask = 2147483647;
			dstPath = "";
			dstSubfolderSpec = 13;
			files = (
				670F2EF81DB228DD00A1739F /* EC.appex in Embed App Extensions */,
			);
			name = "Embed App Extensions";
			runOnlyForDeploymentPostprocessing = 0;
		};
/* End PBXCopyFilesBuildPhase section */

/* Begin PBXFileReference section */
		670F2ED01DB2284400A1739F /* EasyCode.app */ = {isa = PBXFileReference; explicitFileType = wrapper.application; includeInIndex = 0; path = EasyCode.app; sourceTree = BUILT_PRODUCTS_DIR; };
		670F2ED31DB2284400A1739F /* AppDelegate.h */ = {isa = PBXFileReference; lastKnownFileType = sourcecode.c.h; path = AppDelegate.h; sourceTree = "<group>"; };
		670F2ED41DB2284400A1739F /* AppDelegate.m */ = {isa = PBXFileReference; lastKnownFileType = sourcecode.c.objc; path = AppDelegate.m; sourceTree = "<group>"; };
		670F2ED71DB2284400A1739F /* main.m */ = {isa = PBXFileReference; lastKnownFileType = sourcecode.c.objc; path = main.m; sourceTree = "<group>"; };
		670F2ED91DB2284400A1739F /* Assets.xcassets */ = {isa = PBXFileReference; lastKnownFileType = folder.assetcatalog; path = Assets.xcassets; sourceTree = "<group>"; };
		670F2EDC1DB2284400A1739F /* Base */ = {isa = PBXFileReference; lastKnownFileType = file.xib; name = Base; path = Base.lproj/MainMenu.xib; sourceTree = "<group>"; };
		670F2EDE1DB2284400A1739F /* Info.plist */ = {isa = PBXFileReference; lastKnownFileType = text.plist.xml; path = Info.plist; sourceTree = "<group>"; };
		670F2EE81DB228DC00A1739F /* EC.appex */ = {isa = PBXFileReference; explicitFileType = "wrapper.app-extension"; includeInIndex = 0; path = EC.appex; sourceTree = BUILT_PRODUCTS_DIR; };
		670F2EEA1DB228DD00A1739F /* Cocoa.framework */ = {isa = PBXFileReference; lastKnownFileType = wrapper.framework; name = Cocoa.framework; path = System/Library/Frameworks/Cocoa.framework; sourceTree = SDKROOT; };
		670F2EEE1DB228DD00A1739F /* EC.entitlements */ = {isa = PBXFileReference; lastKnownFileType = text.plist.entitlements; path = EC.entitlements; sourceTree = "<group>"; };
		670F2EEF1DB228DD00A1739F /* SourceEditorExtension.h */ = {isa = PBXFileReference; lastKnownFileType = sourcecode.c.h; path = SourceEditorExtension.h; sourceTree = "<group>"; };
		670F2EF01DB228DD00A1739F /* SourceEditorExtension.m */ = {isa = PBXFileReference; lastKnownFileType = sourcecode.c.objc; path = SourceEditorExtension.m; sourceTree = "<group>"; };
		670F2EF21DB228DD00A1739F /* SourceEditorCommand.h */ = {isa = PBXFileReference; lastKnownFileType = sourcecode.c.h; path = SourceEditorCommand.h; sourceTree = "<group>"; };
		670F2EF31DB228DD00A1739F /* SourceEditorCommand.m */ = {isa = PBXFileReference; lastKnownFileType = sourcecode.c.objc; path = SourceEditorCommand.m; sourceTree = "<group>"; };
		670F2EF51DB228DD00A1739F /* Info.plist */ = {isa = PBXFileReference; lastKnownFileType = text.plist.xml; path = Info.plist; sourceTree = "<group>"; };
		6710398D1DB61E140040D421 /* Artboard-1024.png */ = {isa = PBXFileReference; lastKnownFileType = image.png; path = "Artboard-1024.png"; sourceTree = "<group>"; };
		6710398F1DB61E330040D421 /* Artboard-512.png */ = {isa = PBXFileReference; lastKnownFileType = image.png; path = "Artboard-512.png"; sourceTree = "<group>"; };
		671039911DB65D010040D421 /* Artboard-32.png */ = {isa = PBXFileReference; lastKnownFileType = image.png; path = "Artboard-32.png"; sourceTree = "<group>"; };
		671039921DB65D010040D421 /* Artboard-64.png */ = {isa = PBXFileReference; lastKnownFileType = image.png; path = "Artboard-64.png"; sourceTree = "<group>"; };
		671039931DB65D010040D421 /* Artboard-128.png */ = {isa = PBXFileReference; lastKnownFileType = image.png; path = "Artboard-128.png"; sourceTree = "<group>"; };
		671039941DB65D010040D421 /* Artboard-256.png */ = {isa = PBXFileReference; lastKnownFileType = image.png; path = "Artboard-256.png"; sourceTree = "<group>"; };
		671039991DB65D380040D421 /* Artboard-16.png */ = {isa = PBXFileReference; lastKnownFileType = image.png; path = "Artboard-16.png"; sourceTree = "<group>"; };
		67302B0B1DB23ACA0030C360 /* EasyCodeManager.h */ = {isa = PBXFileReference; fileEncoding = 4; lastKnownFileType = sourcecode.c.h; path = EasyCodeManager.h; sourceTree = "<group>"; };
		67302B0C1DB23ACA0030C360 /* EasyCodeManager.m */ = {isa = PBXFileReference; fileEncoding = 4; lastKnownFileType = sourcecode.c.objc; path = EasyCodeManager.m; sourceTree = "<group>"; };
		67302B0E1DB23C010030C360 /* ECMappingForObjectiveC.h */ = {isa = PBXFileReference; fileEncoding = 4; lastKnownFileType = sourcecode.c.h; path = ECMappingForObjectiveC.h; sourceTree = "<group>"; };
		67302B0F1DB23C010030C360 /* ECMappingForObjectiveC.m */ = {isa = PBXFileReference; fileEncoding = 4; lastKnownFileType = sourcecode.c.objc; path = ECMappingForObjectiveC.m; sourceTree = "<group>"; };
		6751C6251DB23D5500004735 /* OCMapping.h */ = {isa = PBXFileReference; lastKnownFileType = sourcecode.c.h; path = OCMapping.h; sourceTree = "<group>"; };
		676E320D1DB70B2000C9DC9B /* EasyCode.entitlements */ = {isa = PBXFileReference; lastKnownFileType = text.plist.entitlements; path = EasyCode.entitlements; sourceTree = "<group>"; };
		67AFF68B1DB5B44000697135 /* SwiftMapping.h */ = {isa = PBXFileReference; lastKnownFileType = sourcecode.c.h; path = SwiftMapping.h; sourceTree = "<group>"; };
		67AFF68C1DB5B45400697135 /* ECMappingForSwift.h */ = {isa = PBXFileReference; fileEncoding = 4; lastKnownFileType = sourcecode.c.h; path = ECMappingForSwift.h; sourceTree = "<group>"; };
		67AFF68D1DB5B45400697135 /* ECMappingForSwift.m */ = {isa = PBXFileReference; fileEncoding = 4; lastKnownFileType = sourcecode.c.objc; path = ECMappingForSwift.m; sourceTree = "<group>"; };
		67AFF6911DB5B71200697135 /* ECMappingHelper.h */ = {isa = PBXFileReference; fileEncoding = 4; lastKnownFileType = sourcecode.c.h; path = ECMappingHelper.h; sourceTree = "<group>"; };
		67AFF6921DB5B71200697135 /* ECMappingHelper.m */ = {isa = PBXFileReference; fileEncoding = 4; lastKnownFileType = sourcecode.c.objc; path = ECMappingHelper.m; sourceTree = "<group>"; };
		67AFF69E1DB5C8A100697135 /* ECGenerateHelper.h */ = {isa = PBXFileReference; fileEncoding = 4; lastKnownFileType = sourcecode.c.h; path = ECGenerateHelper.h; sourceTree = "<group>"; };
		67AFF69F1DB5C8A100697135 /* ECGenerateHelper.m */ = {isa = PBXFileReference; fileEncoding = 4; lastKnownFileType = sourcecode.c.objc; path = ECGenerateHelper.m; sourceTree = "<group>"; };
		67AFF6CF1DB5CBE000697135 /* FSElementPool.h */ = {isa = PBXFileReference; fileEncoding = 4; lastKnownFileType = sourcecode.c.h; path = FSElementPool.h; sourceTree = "<group>"; };
		67AFF6D01DB5CBE000697135 /* FSElementPool.m */ = {isa = PBXFileReference; fileEncoding = 4; lastKnownFileType = sourcecode.c.objc; path = FSElementPool.m; sourceTree = "<group>"; };
		67AFF6D21DB5CBE000697135 /* FSElementCache.h */ = {isa = PBXFileReference; fileEncoding = 4; lastKnownFileType = sourcecode.c.h; path = FSElementCache.h; sourceTree = "<group>"; };
		67AFF6D31DB5CBE000697135 /* FSElementCache.m */ = {isa = PBXFileReference; fileEncoding = 4; lastKnownFileType = sourcecode.c.objc; path = FSElementCache.m; sourceTree = "<group>"; };
		67AFF6D51DB5CBE000697135 /* FSCategoryProcessor.h */ = {isa = PBXFileReference; fileEncoding = 4; lastKnownFileType = sourcecode.c.h; path = FSCategoryProcessor.h; sourceTree = "<group>"; };
		67AFF6D61DB5CBE000697135 /* FSCategoryProcessor.m */ = {isa = PBXFileReference; fileEncoding = 4; lastKnownFileType = sourcecode.c.objc; path = FSCategoryProcessor.m; sourceTree = "<group>"; };
		67AFF6D71DB5CBE000697135 /* FSElementProcessor.h */ = {isa = PBXFileReference; fileEncoding = 4; lastKnownFileType = sourcecode.c.h; path = FSElementProcessor.h; sourceTree = "<group>"; };
		67AFF6D81DB5CBE000697135 /* FSElementProcessor.m */ = {isa = PBXFileReference; fileEncoding = 4; lastKnownFileType = sourcecode.c.objc; path = FSElementProcessor.m; sourceTree = "<group>"; };
		67AFF6D91DB5CBE000697135 /* FSExtensionProcessor.h */ = {isa = PBXFileReference; fileEncoding = 4; lastKnownFileType = sourcecode.c.h; path = FSExtensionProcessor.h; sourceTree = "<group>"; };
		67AFF6DA1DB5CBE000697135 /* FSExtensionProcessor.m */ = {isa = PBXFileReference; fileEncoding = 4; lastKnownFileType = sourcecode.c.objc; path = FSExtensionProcessor.m; sourceTree = "<group>"; };
		67AFF6DB1DB5CBE000697135 /* FSImpProcessor.h */ = {isa = PBXFileReference; fileEncoding = 4; lastKnownFileType = sourcecode.c.h; path = FSImpProcessor.h; sourceTree = "<group>"; };
		67AFF6DC1DB5CBE000697135 /* FSImpProcessor.m */ = {isa = PBXFileReference; fileEncoding = 4; lastKnownFileType = sourcecode.c.objc; path = FSImpProcessor.m; sourceTree = "<group>"; };
		67AFF6DD1DB5CBE000697135 /* FSInterfaceProcessor.h */ = {isa = PBXFileReference; fileEncoding = 4; lastKnownFileType = sourcecode.c.h; path = FSInterfaceProcessor.h; sourceTree = "<group>"; };
		67AFF6DE1DB5CBE000697135 /* FSInterfaceProcessor.m */ = {isa = PBXFileReference; fileEncoding = 4; lastKnownFileType = sourcecode.c.objc; path = FSInterfaceProcessor.m; sourceTree = "<group>"; };
		67AFF6DF1DB5CBE000697135 /* FSProtocolProcessor.h */ = {isa = PBXFileReference; fileEncoding = 4; lastKnownFileType = sourcecode.c.h; path = FSProtocolProcessor.h; sourceTree = "<group>"; };
		67AFF6E01DB5CBE000697135 /* FSProtocolProcessor.m */ = {isa = PBXFileReference; fileEncoding = 4; lastKnownFileType = sourcecode.c.objc; path = FSProtocolProcessor.m; sourceTree = "<group>"; };
		67AFF6E91DB5CBF500697135 /* ECFileParser.m */ = {isa = PBXFileReference; fileEncoding = 4; lastKnownFileType = sourcecode.c.objc; path = ECFileParser.m; sourceTree = "<group>"; };
		67AFF6EA1DB5CBF500697135 /* ECFileParser.h */ = {isa = PBXFileReference; fileEncoding = 4; lastKnownFileType = sourcecode.c.h; path = ECFileParser.h; sourceTree = "<group>"; };
		67AFF6EE1DB5CC2E00697135 /* NSString+PDRegex.h */ = {isa = PBXFileReference; fileEncoding = 4; lastKnownFileType = sourcecode.c.h; path = "NSString+PDRegex.h"; sourceTree = "<group>"; };
		67AFF6EF1DB5CC2E00697135 /* NSString+PDRegex.m */ = {isa = PBXFileReference; fileEncoding = 4; lastKnownFileType = sourcecode.c.objc; path = "NSString+PDRegex.m"; sourceTree = "<group>"; };
		67AFF6F11DB5CC5B00697135 /* FSElementProperty.h */ = {isa = PBXFileReference; fileEncoding = 4; lastKnownFileType = sourcecode.c.h; path = FSElementProperty.h; sourceTree = "<group>"; };
		67AFF6F21DB5CC5B00697135 /* FSElementProperty.m */ = {isa = PBXFileReference; fileEncoding = 4; lastKnownFileType = sourcecode.c.objc; path = FSElementProperty.m; sourceTree = "<group>"; };
/* End PBXFileReference section */

/* Begin PBXFrameworksBuildPhase section */
		670F2ECD1DB2284400A1739F /* Frameworks */ = {
			isa = PBXFrameworksBuildPhase;
			buildActionMask = 2147483647;
			files = (
			);
			runOnlyForDeploymentPostprocessing = 0;
		};
		670F2EE51DB228DC00A1739F /* Frameworks */ = {
			isa = PBXFrameworksBuildPhase;
			buildActionMask = 2147483647;
			files = (
				670F2EEB1DB228DD00A1739F /* Cocoa.framework in Frameworks */,
			);
			runOnlyForDeploymentPostprocessing = 0;
		};
/* End PBXFrameworksBuildPhase section */

/* Begin PBXGroup section */
		670F2EC71DB2284400A1739F = {
			isa = PBXGroup;
			children = (
				670F2ED21DB2284400A1739F /* EasyCode */,
				670F2EEC1DB228DD00A1739F /* EC */,
				670F2EE91DB228DD00A1739F /* Frameworks */,
				670F2ED11DB2284400A1739F /* Products */,
			);
			sourceTree = "<group>";
		};
		670F2ED11DB2284400A1739F /* Products */ = {
			isa = PBXGroup;
			children = (
				670F2ED01DB2284400A1739F /* EasyCode.app */,
				670F2EE81DB228DC00A1739F /* EC.appex */,
			);
			name = Products;
			sourceTree = "<group>";
		};
		670F2ED21DB2284400A1739F /* EasyCode */ = {
			isa = PBXGroup;
			children = (
				676E320D1DB70B2000C9DC9B /* EasyCode.entitlements */,
				670F2ED31DB2284400A1739F /* AppDelegate.h */,
				670F2ED41DB2284400A1739F /* AppDelegate.m */,
				670F2ED91DB2284400A1739F /* Assets.xcassets */,
				670F2EDB1DB2284400A1739F /* MainMenu.xib */,
				670F2EDE1DB2284400A1739F /* Info.plist */,
				670F2ED61DB2284400A1739F /* Supporting Files */,
			);
			path = EasyCode;
			sourceTree = "<group>";
		};
		670F2ED61DB2284400A1739F /* Supporting Files */ = {
			isa = PBXGroup;
			children = (
				670F2ED71DB2284400A1739F /* main.m */,
			);
			name = "Supporting Files";
			sourceTree = "<group>";
		};
		670F2EE91DB228DD00A1739F /* Frameworks */ = {
			isa = PBXGroup;
			children = (
				670F2EEA1DB228DD00A1739F /* Cocoa.framework */,
			);
			name = Frameworks;
			sourceTree = "<group>";
		};
		670F2EEC1DB228DD00A1739F /* EC */ = {
			isa = PBXGroup;
			children = (
				67AFF6901DB5B46000697135 /* Swift */,
				67AFF68F1DB5B45A00697135 /* ObjectiveC */,
				670F2EEF1DB228DD00A1739F /* SourceEditorExtension.h */,
				670F2EF01DB228DD00A1739F /* SourceEditorExtension.m */,
				670F2EF21DB228DD00A1739F /* SourceEditorCommand.h */,
				670F2EF31DB228DD00A1739F /* SourceEditorCommand.m */,
				67302B0B1DB23ACA0030C360 /* EasyCodeManager.h */,
				67302B0C1DB23ACA0030C360 /* EasyCodeManager.m */,
				67AFF6941DB5BACE00697135 /* Features */,
				670F2EF51DB228DD00A1739F /* Info.plist */,
				67AFF6EC1DB5CC2E00697135 /* 3rdParty */,
				670F2EED1DB228DD00A1739F /* Supporting Files */,
			);
			path = EC;
			sourceTree = "<group>";
		};
		670F2EED1DB228DD00A1739F /* Supporting Files */ = {
			isa = PBXGroup;
			children = (
				6710398C1DB61E140040D421 /* Resources */,
				670F2EEE1DB228DD00A1739F /* EC.entitlements */,
			);
			name = "Supporting Files";
			sourceTree = "<group>";
		};
		6710398C1DB61E140040D421 /* Resources */ = {
			isa = PBXGroup;
			children = (
				671039991DB65D380040D421 /* Artboard-16.png */,
				671039911DB65D010040D421 /* Artboard-32.png */,
				671039921DB65D010040D421 /* Artboard-64.png */,
				671039931DB65D010040D421 /* Artboard-128.png */,
				671039941DB65D010040D421 /* Artboard-256.png */,
				6710398F1DB61E330040D421 /* Artboard-512.png */,
				6710398D1DB61E140040D421 /* Artboard-1024.png */,
			);
			path = Resources;
			sourceTree = "<group>";
		};
		67AFF68F1DB5B45A00697135 /* ObjectiveC */ = {
			isa = PBXGroup;
			children = (
				67302B0E1DB23C010030C360 /* ECMappingForObjectiveC.h */,
				67302B0F1DB23C010030C360 /* ECMappingForObjectiveC.m */,
				6751C6251DB23D5500004735 /* OCMapping.h */,
			);
			name = ObjectiveC;
			sourceTree = "<group>";
		};
		67AFF6901DB5B46000697135 /* Swift */ = {
			isa = PBXGroup;
			children = (
				67AFF68C1DB5B45400697135 /* ECMappingForSwift.h */,
				67AFF68D1DB5B45400697135 /* ECMappingForSwift.m */,
				67AFF68B1DB5B44000697135 /* SwiftMapping.h */,
			);
			name = Swift;
			sourceTree = "<group>";
		};
		67AFF6941DB5BACE00697135 /* Features */ = {
			isa = PBXGroup;
			children = (
				67AFF6CE1DB5CBE000697135 /* ECFileParser */,
				67AFF69E1DB5C8A100697135 /* ECGenerateHelper.h */,
				67AFF69F1DB5C8A100697135 /* ECGenerateHelper.m */,
				67AFF6911DB5B71200697135 /* ECMappingHelper.h */,
				67AFF6921DB5B71200697135 /* ECMappingHelper.m */,
			);
			name = Features;
			sourceTree = "<group>";
		};
		67AFF6CE1DB5CBE000697135 /* ECFileParser */ = {
			isa = PBXGroup;
			children = (
				67AFF6EA1DB5CBF500697135 /* ECFileParser.h */,
				67AFF6E91DB5CBF500697135 /* ECFileParser.m */,
				67AFF6CF1DB5CBE000697135 /* FSElementPool.h */,
				67AFF6D01DB5CBE000697135 /* FSElementPool.m */,
				67AFF6D11DB5CBE000697135 /* Models */,
				67AFF6D41DB5CBE000697135 /* Processors */,
			);
			path = ECFileParser;
			sourceTree = "<group>";
		};
		67AFF6D11DB5CBE000697135 /* Models */ = {
			isa = PBXGroup;
			children = (
				67AFF6F11DB5CC5B00697135 /* FSElementProperty.h */,
				67AFF6F21DB5CC5B00697135 /* FSElementProperty.m */,
				67AFF6D21DB5CBE000697135 /* FSElementCache.h */,
				67AFF6D31DB5CBE000697135 /* FSElementCache.m */,
			);
			path = Models;
			sourceTree = "<group>";
		};
		67AFF6D41DB5CBE000697135 /* Processors */ = {
			isa = PBXGroup;
			children = (
				67AFF6D51DB5CBE000697135 /* FSCategoryProcessor.h */,
				67AFF6D61DB5CBE000697135 /* FSCategoryProcessor.m */,
				67AFF6D71DB5CBE000697135 /* FSElementProcessor.h */,
				67AFF6D81DB5CBE000697135 /* FSElementProcessor.m */,
				67AFF6D91DB5CBE000697135 /* FSExtensionProcessor.h */,
				67AFF6DA1DB5CBE000697135 /* FSExtensionProcessor.m */,
				67AFF6DB1DB5CBE000697135 /* FSImpProcessor.h */,
				67AFF6DC1DB5CBE000697135 /* FSImpProcessor.m */,
				67AFF6DD1DB5CBE000697135 /* FSInterfaceProcessor.h */,
				67AFF6DE1DB5CBE000697135 /* FSInterfaceProcessor.m */,
				67AFF6DF1DB5CBE000697135 /* FSProtocolProcessor.h */,
				67AFF6E01DB5CBE000697135 /* FSProtocolProcessor.m */,
			);
			path = Processors;
			sourceTree = "<group>";
		};
		67AFF6EC1DB5CC2E00697135 /* 3rdParty */ = {
			isa = PBXGroup;
			children = (
				67AFF6ED1DB5CC2E00697135 /* NSString+PDRegex */,
			);
			path = 3rdParty;
			sourceTree = "<group>";
		};
		67AFF6ED1DB5CC2E00697135 /* NSString+PDRegex */ = {
			isa = PBXGroup;
			children = (
				67AFF6EE1DB5CC2E00697135 /* NSString+PDRegex.h */,
				67AFF6EF1DB5CC2E00697135 /* NSString+PDRegex.m */,
			);
			path = "NSString+PDRegex";
			sourceTree = "<group>";
		};
/* End PBXGroup section */

/* Begin PBXNativeTarget section */
		670F2ECF1DB2284400A1739F /* EasyCode */ = {
			isa = PBXNativeTarget;
			buildConfigurationList = 670F2EE11DB2284400A1739F /* Build configuration list for PBXNativeTarget "EasyCode" */;
			buildPhases = (
				670F2ECC1DB2284400A1739F /* Sources */,
				670F2ECD1DB2284400A1739F /* Frameworks */,
				670F2ECE1DB2284400A1739F /* Resources */,
				670F2EFC1DB228DD00A1739F /* Embed App Extensions */,
			);
			buildRules = (
			);
			dependencies = (
				670F2EF71DB228DD00A1739F /* PBXTargetDependency */,
			);
			name = EasyCode;
			productName = EasyCode;
			productReference = 670F2ED01DB2284400A1739F /* EasyCode.app */;
			productType = "com.apple.product-type.application";
		};
		670F2EE71DB228DC00A1739F /* EC */ = {
			isa = PBXNativeTarget;
			buildConfigurationList = 670F2EF91DB228DD00A1739F /* Build configuration list for PBXNativeTarget "EC" */;
			buildPhases = (
				670F2EE41DB228DC00A1739F /* Sources */,
				670F2EE51DB228DC00A1739F /* Frameworks */,
				670F2EE61DB228DC00A1739F /* Resources */,
			);
			buildRules = (
			);
			dependencies = (
			);
			name = EC;
			productName = EC;
			productReference = 670F2EE81DB228DC00A1739F /* EC.appex */;
			productType = "com.apple.product-type.xcode-extension";
		};
/* End PBXNativeTarget section */

/* Begin PBXProject section */
		670F2EC81DB2284400A1739F /* Project object */ = {
			isa = PBXProject;
			attributes = {
				LastUpgradeCheck = 0800;
				ORGANIZATIONNAME = music4kid;
				TargetAttributes = {
					670F2ECF1DB2284400A1739F = {
						CreatedOnToolsVersion = 8.0;
						DevelopmentTeam = 2WQE6AU5PD;
						ProvisioningStyle = Automatic;
						SystemCapabilities = {
							com.apple.Sandbox = {
								enabled = 1;
							};
						};
					};
					670F2EE71DB228DC00A1739F = {
						CreatedOnToolsVersion = 8.0;
						DevelopmentTeam = 2WQE6AU5PD;
						ProvisioningStyle = Automatic;
					};
				};
			};
			buildConfigurationList = 670F2ECB1DB2284400A1739F /* Build configuration list for PBXProject "EasyCode" */;
			compatibilityVersion = "Xcode 3.2";
			developmentRegion = English;
			hasScannedForEncodings = 0;
			knownRegions = (
				en,
				Base,
			);
			mainGroup = 670F2EC71DB2284400A1739F;
			productRefGroup = 670F2ED11DB2284400A1739F /* Products */;
			projectDirPath = "";
			projectRoot = "";
			targets = (
				670F2ECF1DB2284400A1739F /* EasyCode */,
				670F2EE71DB228DC00A1739F /* EC */,
			);
		};
/* End PBXProject section */

/* Begin PBXResourcesBuildPhase section */
		670F2ECE1DB2284400A1739F /* Resources */ = {
			isa = PBXResourcesBuildPhase;
			buildActionMask = 2147483647;
			files = (
				670F2EDA1DB2284400A1739F /* Assets.xcassets in Resources */,
				670F2EDD1DB2284400A1739F /* MainMenu.xib in Resources */,
			);
			runOnlyForDeploymentPostprocessing = 0;
		};
		670F2EE61DB228DC00A1739F /* Resources */ = {
			isa = PBXResourcesBuildPhase;
			buildActionMask = 2147483647;
			files = (
				6710399A1DB65D380040D421 /* Artboard-16.png in Resources */,
				671039961DB65D010040D421 /* Artboard-64.png in Resources */,
				6710398E1DB61E140040D421 /* Artboard-1024.png in Resources */,
				671039901DB61E330040D421 /* Artboard-512.png in Resources */,
				671039951DB65D010040D421 /* Artboard-32.png in Resources */,
				671039981DB65D010040D421 /* Artboard-256.png in Resources */,
				671039971DB65D010040D421 /* Artboard-128.png in Resources */,
			);
			runOnlyForDeploymentPostprocessing = 0;
		};
/* End PBXResourcesBuildPhase section */

/* Begin PBXSourcesBuildPhase section */
		670F2ECC1DB2284400A1739F /* Sources */ = {
			isa = PBXSourcesBuildPhase;
			buildActionMask = 2147483647;
			files = (
				670F2ED81DB2284400A1739F /* main.m in Sources */,
				670F2ED51DB2284400A1739F /* AppDelegate.m in Sources */,
			);
			runOnlyForDeploymentPostprocessing = 0;
		};
		670F2EE41DB228DC00A1739F /* Sources */ = {
			isa = PBXSourcesBuildPhase;
			buildActionMask = 2147483647;
			files = (
				67AFF6A01DB5C8A100697135 /* ECGenerateHelper.m in Sources */,
				67AFF6931DB5B71200697135 /* ECMappingHelper.m in Sources */,
				67302B101DB23C010030C360 /* ECMappingForObjectiveC.m in Sources */,
				67AFF6F01DB5CC2E00697135 /* NSString+PDRegex.m in Sources */,
				67AFF6E51DB5CBE000697135 /* FSExtensionProcessor.m in Sources */,
				67AFF68E1DB5B45400697135 /* ECMappingForSwift.m in Sources */,
				670F2EF11DB228DD00A1739F /* SourceEditorExtension.m in Sources */,
				67AFF6E31DB5CBE000697135 /* FSCategoryProcessor.m in Sources */,
				67AFF6F31DB5CC5B00697135 /* FSElementProperty.m in Sources */,
				67302B0D1DB23ACA0030C360 /* EasyCodeManager.m in Sources */,
				670F2EF41DB228DD00A1739F /* SourceEditorCommand.m in Sources */,
				67AFF6E41DB5CBE000697135 /* FSElementProcessor.m in Sources */,
				67AFF6E11DB5CBE000697135 /* FSElementPool.m in Sources */,
				67AFF6E71DB5CBE000697135 /* FSInterfaceProcessor.m in Sources */,
				67AFF6E81DB5CBE000697135 /* FSProtocolProcessor.m in Sources */,
				67AFF6E21DB5CBE000697135 /* FSElementCache.m in Sources */,
				67AFF6EB1DB5CBF500697135 /* ECFileParser.m in Sources */,
				67AFF6E61DB5CBE000697135 /* FSImpProcessor.m in Sources */,
			);
			runOnlyForDeploymentPostprocessing = 0;
		};
/* End PBXSourcesBuildPhase section */

/* Begin PBXTargetDependency section */
		670F2EF71DB228DD00A1739F /* PBXTargetDependency */ = {
			isa = PBXTargetDependency;
			target = 670F2EE71DB228DC00A1739F /* EC */;
			targetProxy = 670F2EF61DB228DD00A1739F /* PBXContainerItemProxy */;
		};
/* End PBXTargetDependency section */

/* Begin PBXVariantGroup section */
		670F2EDB1DB2284400A1739F /* MainMenu.xib */ = {
			isa = PBXVariantGroup;
			children = (
				670F2EDC1DB2284400A1739F /* Base */,
			);
			name = MainMenu.xib;
			sourceTree = "<group>";
		};
/* End PBXVariantGroup section */

/* Begin XCBuildConfiguration section */
		670F2EDF1DB2284400A1739F /* Debug */ = {
			isa = XCBuildConfiguration;
			buildSettings = {
				ALWAYS_SEARCH_USER_PATHS = NO;
				CLANG_ANALYZER_NONNULL = YES;
				CLANG_CXX_LANGUAGE_STANDARD = "gnu++0x";
				CLANG_CXX_LIBRARY = "libc++";
				CLANG_ENABLE_MODULES = YES;
				CLANG_ENABLE_OBJC_ARC = YES;
				CLANG_WARN_BOOL_CONVERSION = YES;
				CLANG_WARN_CONSTANT_CONVERSION = YES;
				CLANG_WARN_DIRECT_OBJC_ISA_USAGE = YES_ERROR;
				CLANG_WARN_DOCUMENTATION_COMMENTS = YES;
				CLANG_WARN_EMPTY_BODY = YES;
				CLANG_WARN_ENUM_CONVERSION = YES;
				CLANG_WARN_INFINITE_RECURSION = YES;
				CLANG_WARN_INT_CONVERSION = YES;
				CLANG_WARN_OBJC_ROOT_CLASS = YES_ERROR;
				CLANG_WARN_SUSPICIOUS_MOVES = YES;
				CLANG_WARN_UNREACHABLE_CODE = YES;
				CLANG_WARN__DUPLICATE_METHOD_MATCH = YES;
				CODE_SIGN_IDENTITY = "-";
				COPY_PHASE_STRIP = NO;
				DEBUG_INFORMATION_FORMAT = dwarf;
				ENABLE_STRICT_OBJC_MSGSEND = YES;
				ENABLE_TESTABILITY = YES;
				GCC_C_LANGUAGE_STANDARD = gnu99;
				GCC_DYNAMIC_NO_PIC = NO;
				GCC_NO_COMMON_BLOCKS = YES;
				GCC_OPTIMIZATION_LEVEL = 0;
				GCC_PREPROCESSOR_DEFINITIONS = (
					"DEBUG=1",
					"$(inherited)",
				);
				GCC_WARN_64_TO_32_BIT_CONVERSION = YES;
				GCC_WARN_ABOUT_RETURN_TYPE = YES_ERROR;
				GCC_WARN_UNDECLARED_SELECTOR = YES;
				GCC_WARN_UNINITIALIZED_AUTOS = YES_AGGRESSIVE;
				GCC_WARN_UNUSED_FUNCTION = YES;
				GCC_WARN_UNUSED_VARIABLE = YES;
				MACOSX_DEPLOYMENT_TARGET = 10.12;
				MTL_ENABLE_DEBUG_INFO = YES;
				ONLY_ACTIVE_ARCH = YES;
				SDKROOT = macosx;
			};
			name = Debug;
		};
		670F2EE01DB2284400A1739F /* Release */ = {
			isa = XCBuildConfiguration;
			buildSettings = {
				ALWAYS_SEARCH_USER_PATHS = NO;
				CLANG_ANALYZER_NONNULL = YES;
				CLANG_CXX_LANGUAGE_STANDARD = "gnu++0x";
				CLANG_CXX_LIBRARY = "libc++";
				CLANG_ENABLE_MODULES = YES;
				CLANG_ENABLE_OBJC_ARC = YES;
				CLANG_WARN_BOOL_CONVERSION = YES;
				CLANG_WARN_CONSTANT_CONVERSION = YES;
				CLANG_WARN_DIRECT_OBJC_ISA_USAGE = YES_ERROR;
				CLANG_WARN_DOCUMENTATION_COMMENTS = YES;
				CLANG_WARN_EMPTY_BODY = YES;
				CLANG_WARN_ENUM_CONVERSION = YES;
				CLANG_WARN_INFINITE_RECURSION = YES;
				CLANG_WARN_INT_CONVERSION = YES;
				CLANG_WARN_OBJC_ROOT_CLASS = YES_ERROR;
				CLANG_WARN_SUSPICIOUS_MOVES = YES;
				CLANG_WARN_UNREACHABLE_CODE = YES;
				CLANG_WARN__DUPLICATE_METHOD_MATCH = YES;
				CODE_SIGN_IDENTITY = "-";
				COPY_PHASE_STRIP = NO;
				DEBUG_INFORMATION_FORMAT = "dwarf-with-dsym";
				ENABLE_NS_ASSERTIONS = NO;
				ENABLE_STRICT_OBJC_MSGSEND = YES;
				GCC_C_LANGUAGE_STANDARD = gnu99;
				GCC_NO_COMMON_BLOCKS = YES;
				GCC_WARN_64_TO_32_BIT_CONVERSION = YES;
				GCC_WARN_ABOUT_RETURN_TYPE = YES_ERROR;
				GCC_WARN_UNDECLARED_SELECTOR = YES;
				GCC_WARN_UNINITIALIZED_AUTOS = YES_AGGRESSIVE;
				GCC_WARN_UNUSED_FUNCTION = YES;
				GCC_WARN_UNUSED_VARIABLE = YES;
				MACOSX_DEPLOYMENT_TARGET = 10.12;
				MTL_ENABLE_DEBUG_INFO = NO;
				SDKROOT = macosx;
			};
			name = Release;
		};
		670F2EE21DB2284400A1739F /* Debug */ = {
			isa = XCBuildConfiguration;
			buildSettings = {
				ASSETCATALOG_COMPILER_APPICON_NAME = AppIcon;
				CODE_SIGN_ENTITLEMENTS = EasyCode/EasyCode.entitlements;
				CODE_SIGN_IDENTITY = "Mac Developer";
				COMBINE_HIDPI_IMAGES = YES;
				DEVELOPMENT_TEAM = 2WQE6AU5PD;
				INFOPLIST_FILE = EasyCode/Info.plist;
				LD_RUNPATH_SEARCH_PATHS = "$(inherited) @executable_path/../Frameworks";
				MACOSX_DEPLOYMENT_TARGET = 10.11;
				PRODUCT_BUNDLE_IDENTIFIER = com.music4kid.ec;
				PRODUCT_NAME = "$(TARGET_NAME)";
			};
			name = Debug;
		};
		670F2EE31DB2284400A1739F /* Release */ = {
			isa = XCBuildConfiguration;
			buildSettings = {
				ASSETCATALOG_COMPILER_APPICON_NAME = AppIcon;
				CODE_SIGN_ENTITLEMENTS = EasyCode/EasyCode.entitlements;
				CODE_SIGN_IDENTITY = "Mac Developer";
				COMBINE_HIDPI_IMAGES = YES;
				DEVELOPMENT_TEAM = 2WQE6AU5PD;
				INFOPLIST_FILE = EasyCode/Info.plist;
				LD_RUNPATH_SEARCH_PATHS = "$(inherited) @executable_path/../Frameworks";
				MACOSX_DEPLOYMENT_TARGET = 10.11;
				PRODUCT_BUNDLE_IDENTIFIER = com.music4kid.ec;
				PRODUCT_NAME = "$(TARGET_NAME)";
			};
			name = Release;
		};
		670F2EFA1DB228DD00A1739F /* Debug */ = {
			isa = XCBuildConfiguration;
			buildSettings = {
				CODE_SIGN_ENTITLEMENTS = EC/EC.entitlements;
				CODE_SIGN_IDENTITY = "Mac Developer";
				COMBINE_HIDPI_IMAGES = YES;
				DEVELOPMENT_TEAM = 2WQE6AU5PD;
				INFOPLIST_FILE = EC/Info.plist;
				LD_RUNPATH_SEARCH_PATHS = "$(inherited) @executable_path/../Frameworks @executable_path/../../../../Frameworks";
				MACOSX_DEPLOYMENT_TARGET = 10.11;
				PRODUCT_BUNDLE_IDENTIFIER = com.music4kid.ec.ec;
				PRODUCT_NAME = EC;
				SKIP_INSTALL = YES;
			};
			name = Debug;
		};
		670F2EFB1DB228DD00A1739F /* Release */ = {
			isa = XCBuildConfiguration;
			buildSettings = {
				CODE_SIGN_ENTITLEMENTS = EC/EC.entitlements;
				CODE_SIGN_IDENTITY = "Mac Developer";
				COMBINE_HIDPI_IMAGES = YES;
				DEVELOPMENT_TEAM = 2WQE6AU5PD;
				INFOPLIST_FILE = EC/Info.plist;
				LD_RUNPATH_SEARCH_PATHS = "$(inherited) @executable_path/../Frameworks @executable_path/../../../../Frameworks";
				MACOSX_DEPLOYMENT_TARGET = 10.11;
				PRODUCT_BUNDLE_IDENTIFIER = com.music4kid.ec.ec;
				PRODUCT_NAME = EC;
				SKIP_INSTALL = YES;
			};
			name = Release;
		};
/* End XCBuildConfiguration section */

/* Begin XCConfigurationList section */
		670F2ECB1DB2284400A1739F /* Build configuration list for PBXProject "EasyCode" */ = {
			isa = XCConfigurationList;
			buildConfigurations = (
				670F2EDF1DB2284400A1739F /* Debug */,
				670F2EE01DB2284400A1739F /* Release */,
			);
			defaultConfigurationIsVisible = 0;
			defaultConfigurationName = Release;
		};
		670F2EE11DB2284400A1739F /* Build configuration list for PBXNativeTarget "EasyCode" */ = {
			isa = XCConfigurationList;
			buildConfigurations = (
				670F2EE21DB2284400A1739F /* Debug */,
				670F2EE31DB2284400A1739F /* Release */,
			);
			defaultConfigurationIsVisible = 0;
			defaultConfigurationName = Release;
		};
		670F2EF91DB228DD00A1739F /* Build configuration list for PBXNativeTarget "EC" */ = {
			isa = XCConfigurationList;
			buildConfigurations = (
				670F2EFA1DB228DD00A1739F /* Debug */,
				670F2EFB1DB228DD00A1739F /* Release */,
			);
			defaultConfigurationIsVisible = 0;
			defaultConfigurationName = Release;
		};
/* End XCConfigurationList section */
	};
	rootObject = 670F2EC81DB2284400A1739F /* Project object */;
}
